
Microsoft Visual Studio Solution File, Format Version 12.00
# Visual Studio Version 17
VisualStudioVersion = 17.2.32519.379
MinimumVisualStudioVersion = 10.0.40219.1
Project("{9A19103F-16F7-4668-BE54-9A1E7A4F7556}") = "RetroGamingWebAPI", "RetroGamingWebAPI\RetroGamingWebAPI.csproj", "{13FA4F96-2DFB-4224-9E97-DE59D51BAFB0}"
EndProject
Project("{E53339B2-1760-4266-BCC7-CA923CBCF16C}") = "docker-compose", "docker-compose.dcproj", "{3C23DAD3-3882-421A-BA5E-A6A16BA9070D}"
EndProject
Project("{2150E333-8FDC-42A3-9474-1A3956D46DE8}") = "Solution Items", "Solution Items", "{E6A9F0C0-CEFE-4511-A4AB-22B575CC7F49}"
	ProjectSection(SolutionItems) = preProject
		dashboard.yaml = dashboard.yaml
		healthchecks-ui.yaml = healthchecks-ui.yaml
		dependencies.yaml = dependencies.yaml
		healthchecks-crd.yaml = healthchecks-crd.yaml
		RetroGaming-k8s.yaml = RetroGaming-k8s.yaml
		prometheus.yaml = prometheus.yaml
	EndProjectSection
EndProject
Global
	GlobalSection(SolutionConfigurationPlatforms) = preSolution
		Debug|Any CPU = Debug|Any CPU
		Release|Any CPU = Release|Any CPU
	EndGlobalSection
	GlobalSection(ProjectConfigurationPlatforms) = postSolution
		{13FA4F96-2DFB-4224-9E97-DE59D51BAFB0}.Debug|Any CPU.ActiveCfg = Debug|Any CPU
		{13FA4F96-2DFB-4224-9E97-DE59D51BAFB0}.Debug|Any CPU.Build.0 = Debug|Any CPU
		{13FA4F96-2DFB-4224-9E97-DE59D51BAFB0}.Release|Any CPU.ActiveCfg = Release|Any CPU
		{13FA4F96-2DFB-4224-9E97-DE59D51BAFB0}.Release|Any CPU.Build.0 = Release|Any CPU
		{3C23DAD3-3882-421A-BA5E-A6A16BA9070D}.Debug|Any CPU.ActiveCfg = Debug|Any CPU
		{3C23DAD3-3882-421A-BA5E-A6A16BA9070D}.Debug|Any CPU.Build.0 = Debug|Any CPU
		{3C23DAD3-3882-421A-BA5E-A6A16BA9070D}.Release|Any CPU.ActiveCfg = Release|Any CPU
		{3C23DAD3-3882-421A-BA5E-A6A16BA9070D}.Release|Any CPU.Build.0 = Release|Any CPU
	EndGlobalSection
	GlobalSection(SolutionProperties) = preSolution
		HideSolutionNode = FALSE
	EndGlobalSection
	GlobalSection(ExtensibilityGlobals) = postSolution
		SolutionGuid = {C8580048-A452-42D1-A818-AA92505A1ABB}
	EndGlobalSection
EndGlobal
